
Microsoft Visual Studio Solution File, Format Version 12.00
# Visual Studio Version 16
VisualStudioVersion = 16.0.31702.278
MinimumVisualStudioVersion = 10.0.40219.1
Project("{9A19103F-16F7-4668-BE54-9A1E7A4F7556}") = "chapter7ass", "chapter7ass.csproj", "{575855F4-47CC-49CA-8486-418EB507949D}"
EndProject
Global
	GlobalSection(SolutionConfigurationPlatforms) = preSolution
		Debug|Any CPU = Debug|Any CPU
		Release|Any CPU = Release|Any CPU
	EndGlobalSection
	GlobalSection(ProjectConfigurationPlatforms) = postSolution
		{575855F4-47CC-49CA-8486-418EB507949D}.Debug|Any CPU.ActiveCfg = Debug|Any CPU
		{575855F4-47CC-49CA-8486-418EB507949D}.Debug|Any CPU.Build.0 = Debug|Any CPU
		{575855F4-47CC-49CA-8486-418EB507949D}.Release|Any CPU.ActiveCfg = Release|Any CPU
		{575855F4-47CC-49CA-8486-418EB507949D}.Release|Any CPU.Build.0 = Release|Any CPU
	EndGlobalSection
	GlobalSection(SolutionProperties) = preSolution
		HideSolutionNode = FALSE
	EndGlobalSection
	GlobalSection(ExtensibilityGlobals) = postSolution
		SolutionGuid = {49C6A46A-D236-45C9-A78A-A8B3255C5AAA}
	EndGlobalSection
EndGlobal
